
Microsoft Visual Studio Solution File, Format Version 12.00
# Visual Studio Version 18
VisualStudioVersion = 18.5.11605.296
MinimumVisualStudioVersion = 10.0.40219.1
Project("{FAE04EC0-301F-11D3-BF4B-00C04F79EFBC}") = "ProdToy.Win", "ProdToy.Win\ProdToy.Win.csproj", "{8BA3B7D3-B796-FEBF-582A-B0D8DDBAAF7A}"
EndProject
Project("{FAE04EC0-301F-11D3-BF4B-00C04F79EFBC}") = "ProdToy.Sdk", "ProdToy.Sdk\ProdToy.Sdk.csproj", "{49BB7E3F-A257-44F3-8450-515D4C8A6BDE}"
EndProject
Project("{FAE04EC0-301F-11D3-BF4B-00C04F79EFBC}") = "ProdToy.Plugins.Alarm", "ProdToy.Plugins.Alarm\ProdToy.Plugins.Alarm.csproj", "{BACAE1E2-FF61-48B5-A34E-C9AB528E8002}"
EndProject
Project("{FAE04EC0-301F-11D3-BF4B-00C04F79EFBC}") = "ProdToy.Plugins.Screenshot", "ProdToy.Plugins.Screenshot\ProdToy.Plugins.Screenshot.csproj", "{18D420D7-1691-4E6C-B19E-C6967D80CB50}"
EndProject
Project("{FAE04EC0-301F-11D3-BF4B-00C04F79EFBC}") = "ProdToy.Plugins.ClaudeIntegration", "ProdToy.Plugins.ClaudeIntegration\ProdToy.Plugins.ClaudeIntegration.csproj", "{041D9446-9A43-4B19-A140-54D455D9341D}"
EndProject
Global
	GlobalSection(SolutionConfigurationPlatforms) = preSolution
		Debug|Any CPU = Debug|Any CPU
		Debug|x64 = Debug|x64
		Debug|x86 = Debug|x86
		Release|Any CPU = Release|Any CPU
		Release|x64 = Release|x64
		Release|x86 = Release|x86
	EndGlobalSection
	GlobalSection(ProjectConfigurationPlatforms) = postSolution
		{8BA3B7D3-B796-FEBF-582A-B0D8DDBAAF7A}.Debug|Any CPU.ActiveCfg = Debug|Any CPU
		{8BA3B7D3-B796-FEBF-582A-B0D8DDBAAF7A}.Debug|Any CPU.Build.0 = Debug|Any CPU
		{8BA3B7D3-B796-FEBF-582A-B0D8DDBAAF7A}.Debug|x64.ActiveCfg = Debug|Any CPU
		{8BA3B7D3-B796-FEBF-582A-B0D8DDBAAF7A}.Debug|x64.Build.0 = Debug|Any CPU
		{8BA3B7D3-B796-FEBF-582A-B0D8DDBAAF7A}.Debug|x86.ActiveCfg = Debug|Any CPU
		{8BA3B7D3-B796-FEBF-582A-B0D8DDBAAF7A}.Debug|x86.Build.0 = Debug|Any CPU
		{8BA3B7D3-B796-FEBF-582A-B0D8DDBAAF7A}.Release|Any CPU.ActiveCfg = Release|Any CPU
		{8BA3B7D3-B796-FEBF-582A-B0D8DDBAAF7A}.Release|Any CPU.Build.0 = Release|Any CPU
		{8BA3B7D3-B796-FEBF-582A-B0D8DDBAAF7A}.Release|x64.ActiveCfg = Release|Any CPU
		{8BA3B7D3-B796-FEBF-582A-B0D8DDBAAF7A}.Release|x64.Build.0 = Release|Any CPU
		{8BA3B7D3-B796-FEBF-582A-B0D8DDBAAF7A}.Release|x86.ActiveCfg = Release|Any CPU
		{8BA3B7D3-B796-FEBF-582A-B0D8DDBAAF7A}.Release|x86.Build.0 = Release|Any CPU
		{49BB7E3F-A257-44F3-8450-515D4C8A6BDE}.Debug|Any CPU.ActiveCfg = Debug|Any CPU
		{49BB7E3F-A257-44F3-8450-515D4C8A6BDE}.Debug|Any CPU.Build.0 = Debug|Any CPU
		{49BB7E3F-A257-44F3-8450-515D4C8A6BDE}.Debug|x64.ActiveCfg = Debug|Any CPU
		{49BB7E3F-A257-44F3-8450-515D4C8A6BDE}.Debug|x64.Build.0 = Debug|Any CPU
		{49BB7E3F-A257-44F3-8450-515D4C8A6BDE}.Debug|x86.ActiveCfg = Debug|Any CPU
		{49BB7E3F-A257-44F3-8450-515D4C8A6BDE}.Debug|x86.Build.0 = Debug|Any CPU
		{49BB7E3F-A257-44F3-8450-515D4C8A6BDE}.Release|Any CPU.ActiveCfg = Release|Any CPU
		{49BB7E3F-A257-44F3-8450-515D4C8A6BDE}.Release|Any CPU.Build.0 = Release|Any CPU
		{49BB7E3F-A257-44F3-8450-515D4C8A6BDE}.Release|x64.ActiveCfg = Release|Any CPU
		{49BB7E3F-A257-44F3-8450-515D4C8A6BDE}.Release|x64.Build.0 = Release|Any CPU
		{49BB7E3F-A257-44F3-8450-515D4C8A6BDE}.Release|x86.ActiveCfg = Release|Any CPU
		{49BB7E3F-A257-44F3-8450-515D4C8A6BDE}.Release|x86.Build.0 = Release|Any CPU
		{BACAE1E2-FF61-48B5-A34E-C9AB528E8002}.Debug|Any CPU.ActiveCfg = Debug|Any CPU
		{BACAE1E2-FF61-48B5-A34E-C9AB528E8002}.Debug|Any CPU.Build.0 = Debug|Any CPU
		{BACAE1E2-FF61-48B5-A34E-C9AB528E8002}.Debug|x64.ActiveCfg = Debug|Any CPU
		{BACAE1E2-FF61-48B5-A34E-C9AB528E8002}.Debug|x64.Build.0 = Debug|Any CPU
		{BACAE1E2-FF61-48B5-A34E-C9AB528E8002}.Debug|x86.ActiveCfg = Debug|Any CPU
		{BACAE1E2-FF61-48B5-A34E-C9AB528E8002}.Debug|x86.Build.0 = Debug|Any CPU
		{BACAE1E2-FF61-48B5-A34E-C9AB528E8002}.Release|Any CPU.ActiveCfg = Release|Any CPU
		{BACAE1E2-FF61-48B5-A34E-C9AB528E8002}.Release|Any CPU.Build.0 = Release|Any CPU
		{BACAE1E2-FF61-48B5-A34E-C9AB528E8002}.Release|x64.ActiveCfg = Release|Any CPU
		{BACAE1E2-FF61-48B5-A34E-C9AB528E8002}.Release|x64.Build.0 = Release|Any CPU
		{BACAE1E2-FF61-48B5-A34E-C9AB528E8002}.Release|x86.ActiveCfg = Release|Any CPU
		{BACAE1E2-FF61-48B5-A34E-C9AB528E8002}.Release|x86.Build.0 = Release|Any CPU
		{18D420D7-1691-4E6C-B19E-C6967D80CB50}.Debug|Any CPU.ActiveCfg = Debug|Any CPU
		{18D420D7-1691-4E6C-B19E-C6967D80CB50}.Debug|Any CPU.Build.0 = Debug|Any CPU
		{18D420D7-1691-4E6C-B19E-C6967D80CB50}.Debug|x64.ActiveCfg = Debug|Any CPU
		{18D420D7-1691-4E6C-B19E-C6967D80CB50}.Debug|x64.Build.0 = Debug|Any CPU
		{18D420D7-1691-4E6C-B19E-C6967D80CB50}.Debug|x86.ActiveCfg = Debug|Any CPU
		{18D420D7-1691-4E6C-B19E-C6967D80CB50}.Debug|x86.Build.0 = Debug|Any CPU
		{18D420D7-1691-4E6C-B19E-C6967D80CB50}.Release|Any CPU.ActiveCfg = Release|Any CPU
		{18D420D7-1691-4E6C-B19E-C6967D80CB50}.Release|Any CPU.Build.0 = Release|Any CPU
		{18D420D7-1691-4E6C-B19E-C6967D80CB50}.Release|x64.ActiveCfg = Release|Any CPU
		{18D420D7-1691-4E6C-B19E-C6967D80CB50}.Release|x64.Build.0 = Release|Any CPU
		{18D420D7-1691-4E6C-B19E-C6967D80CB50}.Release|x86.ActiveCfg = Release|Any CPU
		{18D420D7-1691-4E6C-B19E-C6967D80CB50}.Release|x86.Build.0 = Release|Any CPU
		{041D9446-9A43-4B19-A140-54D455D9341D}.Debug|Any CPU.ActiveCfg = Debug|Any CPU
		{041D9446-9A43-4B19-A140-54D455D9341D}.Debug|Any CPU.Build.0 = Debug|Any CPU
		{041D9446-9A43-4B19-A140-54D455D9341D}.Debug|x64.ActiveCfg = Debug|Any CPU
		{041D9446-9A43-4B19-A140-54D455D9341D}.Debug|x64.Build.0 = Debug|Any CPU
		{041D9446-9A43-4B19-A140-54D455D9341D}.Debug|x86.ActiveCfg = Debug|Any CPU
		{041D9446-9A43-4B19-A140-54D455D9341D}.Debug|x86.Build.0 = Debug|Any CPU
		{041D9446-9A43-4B19-A140-54D455D9341D}.Release|Any CPU.ActiveCfg = Release|Any CPU
		{041D9446-9A43-4B19-A140-54D455D9341D}.Release|Any CPU.Build.0 = Release|Any CPU
		{041D9446-9A43-4B19-A140-54D455D9341D}.Release|x64.ActiveCfg = Release|Any CPU
		{041D9446-9A43-4B19-A140-54D455D9341D}.Release|x64.Build.0 = Release|Any CPU
		{041D9446-9A43-4B19-A140-54D455D9341D}.Release|x86.ActiveCfg = Release|Any CPU
		{041D9446-9A43-4B19-A140-54D455D9341D}.Release|x86.Build.0 = Release|Any CPU
	EndGlobalSection
	GlobalSection(SolutionProperties) = preSolution
		HideSolutionNode = FALSE
	EndGlobalSection
	GlobalSection(ExtensibilityGlobals) = postSolution
		SolutionGuid = {9CFF8D78-E05B-473A-9579-823B426A60AE}
	EndGlobalSection
EndGlobal
